
Microsoft Visual Studio Solution File, Format Version 12.00
# Visual Studio Version 17
VisualStudioVersion = 17.8.34309.116
MinimumVisualStudioVersion = 10.0.40219.1
Project("{FAE04EC0-301F-11D3-BF4B-00C04F79EFBC}") = "PatronesEjemplosPágina", "PatronesEjemplosPágina\PatronesEjemplosPágina.csproj", "{CA2D3342-444F-4737-90AF-76665E4016BE}"
EndProject
Global
	GlobalSection(SolutionConfigurationPlatforms) = preSolution
		Debug|Any CPU = Debug|Any CPU
		Release|Any CPU = Release|Any CPU
	EndGlobalSection
	GlobalSection(ProjectConfigurationPlatforms) = postSolution
		{CA2D3342-444F-4737-90AF-76665E4016BE}.Debug|Any CPU.ActiveCfg = Debug|Any CPU
		{CA2D3342-444F-4737-90AF-76665E4016BE}.Debug|Any CPU.Build.0 = Debug|Any CPU
		{CA2D3342-444F-4737-90AF-76665E4016BE}.Release|Any CPU.ActiveCfg = Release|Any CPU
		{CA2D3342-444F-4737-90AF-76665E4016BE}.Release|Any CPU.Build.0 = Release|Any CPU
	EndGlobalSection
	GlobalSection(SolutionProperties) = preSolution
		HideSolutionNode = FALSE
	EndGlobalSection
	GlobalSection(ExtensibilityGlobals) = postSolution
		SolutionGuid = {689FDCD1-4D55-4210-902C-F8F85FFCB006}
	EndGlobalSection
EndGlobal
